// !$*UTF8*$!
{
	archiveVersion = 1;
	classes = {
	};
	objectVersion = 46;
	objects = {

/* Begin PBXBuildFile section */
		D974BE581C87DFC90005938A /* main.m in Sources */ = {isa = PBXBuildFile; fileRef = D974BE571C87DFC90005938A /* main.m */; };
		D974BE5B1C87DFC90005938A /* AppDelegate.m in Sources */ = {isa = PBXBuildFile; fileRef = D974BE5A1C87DFC90005938A /* AppDelegate.m */; };
		D974BE5E1C87DFC90005938A /* ViewController.m in Sources */ = {isa = PBXBuildFile; fileRef = D974BE5D1C87DFC90005938A /* ViewController.m */; };
		D974BE611C87DFC90005938A /* Main.storyboard in Resources */ = {isa = PBXBuildFile; fileRef = D974BE5F1C87DFC90005938A /* Main.storyboard */; };
		D974BE631C87DFC90005938A /* Images.xcassets in Resources */ = {isa = PBXBuildFile; fileRef = D974BE621C87DFC90005938A /* Images.xcassets */; };
		D974BE661C87DFC90005938A /* LaunchScreen.xib in Resources */ = {isa = PBXBuildFile; fileRef = D974BE641C87DFC90005938A /* LaunchScreen.xib */; };
		D974BE721C87DFC90005938A /* ThiepMungTests.m in Sources */ = {isa = PBXBuildFile; fileRef = D974BE711C87DFC90005938A /* ThiepMungTests.m */; };
		D974BE8B1C87E4E10005938A /* BaseViewController.m in Sources */ = {isa = PBXBuildFile; fileRef = D974BE891C87E4E10005938A /* BaseViewController.m */; };
		D974BE8C1C87E4E10005938A /* BaseViewController.m in Sources */ = {isa = PBXBuildFile; fileRef = D974BE891C87E4E10005938A /* BaseViewController.m */; };
		D974BE8D1C87E4E10005938A /* BaseViewController.xib in Resources */ = {isa = PBXBuildFile; fileRef = D974BE8A1C87E4E10005938A /* BaseViewController.xib */; };
		D974BE8E1C87E4E10005938A /* BaseViewController.xib in Resources */ = {isa = PBXBuildFile; fileRef = D974BE8A1C87E4E10005938A /* BaseViewController.xib */; };
		D974BE921C87E5170005938A /* HomeViewController.m in Sources */ = {isa = PBXBuildFile; fileRef = D974BE901C87E5170005938A /* HomeViewController.m */; };
		D974BE931C87E5170005938A /* HomeViewController.m in Sources */ = {isa = PBXBuildFile; fileRef = D974BE901C87E5170005938A /* HomeViewController.m */; };
		D974BE941C87E5170005938A /* HomeViewController.xib in Resources */ = {isa = PBXBuildFile; fileRef = D974BE911C87E5170005938A /* HomeViewController.xib */; };
		D974BE951C87E5170005938A /* HomeViewController.xib in Resources */ = {isa = PBXBuildFile; fileRef = D974BE911C87E5170005938A /* HomeViewController.xib */; };
		D974BE991C87E52E0005938A /* InfoViewController.m in Sources */ = {isa = PBXBuildFile; fileRef = D974BE971C87E52E0005938A /* InfoViewController.m */; };
		D974BE9A1C87E52E0005938A /* InfoViewController.m in Sources */ = {isa = PBXBuildFile; fileRef = D974BE971C87E52E0005938A /* InfoViewController.m */; };
		D974BE9B1C87E52E0005938A /* InfoViewController.xib in Resources */ = {isa = PBXBuildFile; fileRef = D974BE981C87E52E0005938A /* InfoViewController.xib */; };
		D974BE9C1C87E52E0005938A /* InfoViewController.xib in Resources */ = {isa = PBXBuildFile; fileRef = D974BE981C87E52E0005938A /* InfoViewController.xib */; };
		D974BEA01C87E5420005938A /* RootViewController.m in Sources */ = {isa = PBXBuildFile; fileRef = D974BE9E1C87E5420005938A /* RootViewController.m */; };
		D974BEA11C87E5420005938A /* RootViewController.m in Sources */ = {isa = PBXBuildFile; fileRef = D974BE9E1C87E5420005938A /* RootViewController.m */; };
		D974BEA21C87E5420005938A /* RootViewController.xib in Resources */ = {isa = PBXBuildFile; fileRef = D974BE9F1C87E5420005938A /* RootViewController.xib */; };
		D974BEA31C87E5420005938A /* RootViewController.xib in Resources */ = {isa = PBXBuildFile; fileRef = D974BE9F1C87E5420005938A /* RootViewController.xib */; };
		D974BEA71C87E5590005938A /* SidebarViewController.m in Sources */ = {isa = PBXBuildFile; fileRef = D974BEA51C87E5590005938A /* SidebarViewController.m */; };
		D974BEA81C87E5590005938A /* SidebarViewController.m in Sources */ = {isa = PBXBuildFile; fileRef = D974BEA51C87E5590005938A /* SidebarViewController.m */; };
		D974BEA91C87E5590005938A /* SidebarViewController.xib in Resources */ = {isa = PBXBuildFile; fileRef = D974BEA61C87E5590005938A /* SidebarViewController.xib */; };
		D974BEAA1C87E5590005938A /* SidebarViewController.xib in Resources */ = {isa = PBXBuildFile; fileRef = D974BEA61C87E5590005938A /* SidebarViewController.xib */; };
		D974BEAE1C87E59C0005938A /* SWRevealViewController.m in Sources */ = {isa = PBXBuildFile; fileRef = D974BEAD1C87E59C0005938A /* SWRevealViewController.m */; };
		D974BEAF1C87E59C0005938A /* SWRevealViewController.m in Sources */ = {isa = PBXBuildFile; fileRef = D974BEAD1C87E59C0005938A /* SWRevealViewController.m */; };
		D974BEB31C87E8B40005938A /* MenuTableViewCell.m in Sources */ = {isa = PBXBuildFile; fileRef = D974BEB11C87E8B40005938A /* MenuTableViewCell.m */; };
		D974BEB41C87E8B40005938A /* MenuTableViewCell.m in Sources */ = {isa = PBXBuildFile; fileRef = D974BEB11C87E8B40005938A /* MenuTableViewCell.m */; };
		D974BEB51C87E8B40005938A /* MenuTableViewCell.xib in Resources */ = {isa = PBXBuildFile; fileRef = D974BEB21C87E8B40005938A /* MenuTableViewCell.xib */; };
		D974BEB61C87E8B40005938A /* MenuTableViewCell.xib in Resources */ = {isa = PBXBuildFile; fileRef = D974BEB21C87E8B40005938A /* MenuTableViewCell.xib */; };
		D974BEBB1C87E9610005938A /* CustomNavigationBar.m in Sources */ = {isa = PBXBuildFile; fileRef = D974BEB91C87E9610005938A /* CustomNavigationBar.m */; };
		D974BEBC1C87E9610005938A /* CustomNavigationBar.m in Sources */ = {isa = PBXBuildFile; fileRef = D974BEB91C87E9610005938A /* CustomNavigationBar.m */; };
		D974BEBD1C87E9610005938A /* CustomNavigationBar.xib in Resources */ = {isa = PBXBuildFile; fileRef = D974BEBA1C87E9610005938A /* CustomNavigationBar.xib */; };
		D974BEBE1C87E9610005938A /* CustomNavigationBar.xib in Resources */ = {isa = PBXBuildFile; fileRef = D974BEBA1C87E9610005938A /* CustomNavigationBar.xib */; };
		D974BEC11C87EAF00005938A /* btn_menu.png in Resources */ = {isa = PBXBuildFile; fileRef = D974BEBF1C87EAF00005938A /* btn_menu.png */; };
		D974BEC21C87EAF00005938A /* btn_menu.png in Resources */ = {isa = PBXBuildFile; fileRef = D974BEBF1C87EAF00005938A /* btn_menu.png */; };
		D974BEC31C87EAF00005938A /* btn_menu@2x.png in Resources */ = {isa = PBXBuildFile; fileRef = D974BEC01C87EAF00005938A /* btn_menu@2x.png */; };
		D974BEC41C87EAF00005938A /* btn_menu@2x.png in Resources */ = {isa = PBXBuildFile; fileRef = D974BEC01C87EAF00005938A /* btn_menu@2x.png */; };
		D974BEC71C87F3C40005938A /* SubItemCollectionView.xib in Resources */ = {isa = PBXBuildFile; fileRef = D974BEC61C87F3C40005938A /* SubItemCollectionView.xib */; };
		D974BEC81C87F3C40005938A /* SubItemCollectionView.xib in Resources */ = {isa = PBXBuildFile; fileRef = D974BEC61C87F3C40005938A /* SubItemCollectionView.xib */; };
		D974BECB1C87F3DA0005938A /* SubItemCollectionView.m in Sources */ = {isa = PBXBuildFile; fileRef = D974BECA1C87F3DA0005938A /* SubItemCollectionView.m */; };
		D974BECC1C87F3DA0005938A /* SubItemCollectionView.m in Sources */ = {isa = PBXBuildFile; fileRef = D974BECA1C87F3DA0005938A /* SubItemCollectionView.m */; };
		D974BED01C87F67A0005938A /* CollectionItemViewController.m in Sources */ = {isa = PBXBuildFile; fileRef = D974BECE1C87F67A0005938A /* CollectionItemViewController.m */; };
		D974BED11C87F67A0005938A /* CollectionItemViewController.m in Sources */ = {isa = PBXBuildFile; fileRef = D974BECE1C87F67A0005938A /* CollectionItemViewController.m */; };
		D974BED21C87F67A0005938A /* CollectionItemViewController.xib in Resources */ = {isa = PBXBuildFile; fileRef = D974BECF1C87F67A0005938A /* CollectionItemViewController.xib */; };
		D974BED31C87F67A0005938A /* CollectionItemViewController.xib in Resources */ = {isa = PBXBuildFile; fileRef = D974BECF1C87F67A0005938A /* CollectionItemViewController.xib */; };
		D974BED61C87FAD90005938A /* ItemCollection.m in Sources */ = {isa = PBXBuildFile; fileRef = D974BED51C87FAD90005938A /* ItemCollection.m */; };
		D974BED71C87FAD90005938A /* ItemCollection.m in Sources */ = {isa = PBXBuildFile; fileRef = D974BED51C87FAD90005938A /* ItemCollection.m */; };
/* End PBXBuildFile section */

/* Begin PBXContainerItemProxy section */
		D974BE6C1C87DFC90005938A /* PBXContainerItemProxy */ = {
			isa = PBXContainerItemProxy;
			containerPortal = D974BE4A1C87DFC90005938A /* Project object */;
			proxyType = 1;
			remoteGlobalIDString = D974BE511C87DFC90005938A;
			remoteInfo = ThiepMung;
		};
/* End PBXContainerItemProxy section */

/* Begin PBXFileReference section */
		D974BE521C87DFC90005938A /* ThiepMung.app */ = {isa = PBXFileReference; explicitFileType = wrapper.application; includeInIndex = 0; path = ThiepMung.app; sourceTree = BUILT_PRODUCTS_DIR; };
		D974BE561C87DFC90005938A /* Info.plist */ = {isa = PBXFileReference; lastKnownFileType = text.plist.xml; path = Info.plist; sourceTree = "<group>"; };
		D974BE571C87DFC90005938A /* main.m */ = {isa = PBXFileReference; lastKnownFileType = sourcecode.c.objc; path = main.m; sourceTree = "<group>"; };
		D974BE591C87DFC90005938A /* AppDelegate.h */ = {isa = PBXFileReference; lastKnownFileType = sourcecode.c.h; path = AppDelegate.h; sourceTree = "<group>"; };
		D974BE5A1C87DFC90005938A /* AppDelegate.m */ = {isa = PBXFileReference; lastKnownFileType = sourcecode.c.objc; path = AppDelegate.m; sourceTree = "<group>"; };
		D974BE5C1C87DFC90005938A /* ViewController.h */ = {isa = PBXFileReference; lastKnownFileType = sourcecode.c.h; path = ViewController.h; sourceTree = "<group>"; };
		D974BE5D1C87DFC90005938A /* ViewController.m */ = {isa = PBXFileReference; lastKnownFileType = sourcecode.c.objc; path = ViewController.m; sourceTree = "<group>"; };
		D974BE601C87DFC90005938A /* Base */ = {isa = PBXFileReference; lastKnownFileType = file.storyboard; name = Base; path = Base.lproj/Main.storyboard; sourceTree = "<group>"; };
		D974BE621C87DFC90005938A /* Images.xcassets */ = {isa = PBXFileReference; lastKnownFileType = folder.assetcatalog; path = Images.xcassets; sourceTree = "<group>"; };
		D974BE651C87DFC90005938A /* Base */ = {isa = PBXFileReference; lastKnownFileType = file.xib; name = Base; path = Base.lproj/LaunchScreen.xib; sourceTree = "<group>"; };
		D974BE6B1C87DFC90005938A /* ThiepMungTests.xctest */ = {isa = PBXFileReference; explicitFileType = wrapper.cfbundle; includeInIndex = 0; path = ThiepMungTests.xctest; sourceTree = BUILT_PRODUCTS_DIR; };
		D974BE701C87DFC90005938A /* Info.plist */ = {isa = PBXFileReference; lastKnownFileType = text.plist.xml; path = Info.plist; sourceTree = "<group>"; };
		D974BE711C87DFC90005938A /* ThiepMungTests.m */ = {isa = PBXFileReference; lastKnownFileType = sourcecode.c.objc; path = ThiepMungTests.m; sourceTree = "<group>"; };
		D974BE881C87E4E10005938A /* BaseViewController.h */ = {isa = PBXFileReference; fileEncoding = 4; lastKnownFileType = sourcecode.c.h; path = BaseViewController.h; sourceTree = "<group>"; };
		D974BE891C87E4E10005938A /* BaseViewController.m */ = {isa = PBXFileReference; fileEncoding = 4; lastKnownFileType = sourcecode.c.objc; path = BaseViewController.m; sourceTree = "<group>"; };
		D974BE8A1C87E4E10005938A /* BaseViewController.xib */ = {isa = PBXFileReference; fileEncoding = 4; lastKnownFileType = file.xib; path = BaseViewController.xib; sourceTree = "<group>"; };
		D974BE8F1C87E5170005938A /* HomeViewController.h */ = {isa = PBXFileReference; fileEncoding = 4; lastKnownFileType = sourcecode.c.h; path = HomeViewController.h; sourceTree = "<group>"; };
		D974BE901C87E5170005938A /* HomeViewController.m */ = {isa = PBXFileReference; fileEncoding = 4; lastKnownFileType = sourcecode.c.objc; path = HomeViewController.m; sourceTree = "<group>"; };
		D974BE911C87E5170005938A /* HomeViewController.xib */ = {isa = PBXFileReference; fileEncoding = 4; lastKnownFileType = file.xib; path = HomeViewController.xib; sourceTree = "<group>"; };
		D974BE961C87E52E0005938A /* InfoViewController.h */ = {isa = PBXFileReference; fileEncoding = 4; lastKnownFileType = sourcecode.c.h; path = InfoViewController.h; sourceTree = "<group>"; };
		D974BE971C87E52E0005938A /* InfoViewController.m */ = {isa = PBXFileReference; fileEncoding = 4; lastKnownFileType = sourcecode.c.objc; path = InfoViewController.m; sourceTree = "<group>"; };
		D974BE981C87E52E0005938A /* InfoViewController.xib */ = {isa = PBXFileReference; fileEncoding = 4; lastKnownFileType = file.xib; path = InfoViewController.xib; sourceTree = "<group>"; };
		D974BE9D1C87E5420005938A /* RootViewController.h */ = {isa = PBXFileReference; fileEncoding = 4; lastKnownFileType = sourcecode.c.h; path = RootViewController.h; sourceTree = "<group>"; };
		D974BE9E1C87E5420005938A /* RootViewController.m */ = {isa = PBXFileReference; fileEncoding = 4; lastKnownFileType = sourcecode.c.objc; path = RootViewController.m; sourceTree = "<group>"; };
		D974BE9F1C87E5420005938A /* RootViewController.xib */ = {isa = PBXFileReference; fileEncoding = 4; lastKnownFileType = file.xib; path = RootViewController.xib; sourceTree = "<group>"; };
		D974BEA41C87E5590005938A /* SidebarViewController.h */ = {isa = PBXFileReference; fileEncoding = 4; lastKnownFileType = sourcecode.c.h; path = SidebarViewController.h; sourceTree = "<group>"; };
		D974BEA51C87E5590005938A /* SidebarViewController.m */ = {isa = PBXFileReference; fileEncoding = 4; lastKnownFileType = sourcecode.c.objc; path = SidebarViewController.m; sourceTree = "<group>"; };
		D974BEA61C87E5590005938A /* SidebarViewController.xib */ = {isa = PBXFileReference; fileEncoding = 4; lastKnownFileType = file.xib; path = SidebarViewController.xib; sourceTree = "<group>"; };
		D974BEAC1C87E59C0005938A /* SWRevealViewController.h */ = {isa = PBXFileReference; fileEncoding = 4; lastKnownFileType = sourcecode.c.h; path = SWRevealViewController.h; sourceTree = "<group>"; };
		D974BEAD1C87E59C0005938A /* SWRevealViewController.m */ = {isa = PBXFileReference; fileEncoding = 4; lastKnownFileType = sourcecode.c.objc; path = SWRevealViewController.m; sourceTree = "<group>"; };
		D974BEB01C87E8B40005938A /* MenuTableViewCell.h */ = {isa = PBXFileReference; fileEncoding = 4; lastKnownFileType = sourcecode.c.h; path = MenuTableViewCell.h; sourceTree = "<group>"; };
		D974BEB11C87E8B40005938A /* MenuTableViewCell.m */ = {isa = PBXFileReference; fileEncoding = 4; lastKnownFileType = sourcecode.c.objc; path = MenuTableViewCell.m; sourceTree = "<group>"; };
		D974BEB21C87E8B40005938A /* MenuTableViewCell.xib */ = {isa = PBXFileReference; fileEncoding = 4; lastKnownFileType = file.xib; path = MenuTableViewCell.xib; sourceTree = "<group>"; };
		D974BEB81C87E9610005938A /* CustomNavigationBar.h */ = {isa = PBXFileReference; fileEncoding = 4; lastKnownFileType = sourcecode.c.h; path = CustomNavigationBar.h; sourceTree = "<group>"; };
		D974BEB91C87E9610005938A /* CustomNavigationBar.m */ = {isa = PBXFileReference; fileEncoding = 4; lastKnownFileType = sourcecode.c.objc; path = CustomNavigationBar.m; sourceTree = "<group>"; };
		D974BEBA1C87E9610005938A /* CustomNavigationBar.xib */ = {isa = PBXFileReference; fileEncoding = 4; lastKnownFileType = file.xib; path = CustomNavigationBar.xib; sourceTree = "<group>"; };
		D974BEBF1C87EAF00005938A /* btn_menu.png */ = {isa = PBXFileReference; lastKnownFileType = image.png; path = btn_menu.png; sourceTree = "<group>"; };
		D974BEC01C87EAF00005938A /* btn_menu@2x.png */ = {isa = PBXFileReference; lastKnownFileType = image.png; path = "btn_menu@2x.png"; sourceTree = "<group>"; };
		D974BEC51C87EB5D0005938A /* MacroUtilities.h */ = {isa = PBXFileReference; fileEncoding = 4; lastKnownFileType = sourcecode.c.h; path = MacroUtilities.h; sourceTree = "<group>"; };
		D974BEC61C87F3C40005938A /* SubItemCollectionView.xib */ = {isa = PBXFileReference; fileEncoding = 4; lastKnownFileType = file.xib; path = SubItemCollectionView.xib; sourceTree = "<group>"; };
		D974BEC91C87F3DA0005938A /* SubItemCollectionView.h */ = {isa = PBXFileReference; fileEncoding = 4; lastKnownFileType = sourcecode.c.h; path = SubItemCollectionView.h; sourceTree = "<group>"; };
		D974BECA1C87F3DA0005938A /* SubItemCollectionView.m */ = {isa = PBXFileReference; fileEncoding = 4; lastKnownFileType = sourcecode.c.objc; path = SubItemCollectionView.m; sourceTree = "<group>"; };
		D974BECD1C87F67A0005938A /* CollectionItemViewController.h */ = {isa = PBXFileReference; fileEncoding = 4; lastKnownFileType = sourcecode.c.h; path = CollectionItemViewController.h; sourceTree = "<group>"; };
		D974BECE1C87F67A0005938A /* CollectionItemViewController.m */ = {isa = PBXFileReference; fileEncoding = 4; lastKnownFileType = sourcecode.c.objc; path = CollectionItemViewController.m; sourceTree = "<group>"; };
		D974BECF1C87F67A0005938A /* CollectionItemViewController.xib */ = {isa = PBXFileReference; fileEncoding = 4; lastKnownFileType = file.xib; path = CollectionItemViewController.xib; sourceTree = "<group>"; };
		D974BED41C87FAD90005938A /* ItemCollection.h */ = {isa = PBXFileReference; fileEncoding = 4; lastKnownFileType = sourcecode.c.h; path = ItemCollection.h; sourceTree = "<group>"; };
		D974BED51C87FAD90005938A /* ItemCollection.m */ = {isa = PBXFileReference; fileEncoding = 4; lastKnownFileType = sourcecode.c.objc; path = ItemCollection.m; sourceTree = "<group>"; };
/* End PBXFileReference section */

/* Begin PBXFrameworksBuildPhase section */
		D974BE4F1C87DFC90005938A /* Frameworks */ = {
			isa = PBXFrameworksBuildPhase;
			buildActionMask = 2147483647;
			files = (
			);
			runOnlyForDeploymentPostprocessing = 0;
		};
		D974BE681C87DFC90005938A /* Frameworks */ = {
			isa = PBXFrameworksBuildPhase;
			buildActionMask = 2147483647;
			files = (
			);
			runOnlyForDeploymentPostprocessing = 0;
		};
/* End PBXFrameworksBuildPhase section */

/* Begin PBXGroup section */
		D974BE491C87DFC90005938A = {
			isa = PBXGroup;
			children = (
				D974BE541C87DFC90005938A /* ThiepMung */,
				D974BE6E1C87DFC90005938A /* ThiepMungTests */,
				D974BE531C87DFC90005938A /* Products */,
			);
			sourceTree = "<group>";
		};
		D974BE531C87DFC90005938A /* Products */ = {
			isa = PBXGroup;
			children = (
				D974BE521C87DFC90005938A /* ThiepMung.app */,
				D974BE6B1C87DFC90005938A /* ThiepMungTests.xctest */,
			);
			name = Products;
			sourceTree = "<group>";
		};
		D974BE541C87DFC90005938A /* ThiepMung */ = {
			isa = PBXGroup;
			children = (
				D974BE7B1C87E4B60005938A /* Global */,
				D974BE7C1C87E4B60005938A /* Helper */,
				D974BE7D1C87E4B60005938A /* Lib */,
				D974BE7F1C87E4B60005938A /* Model */,
				D974BE801C87E4B60005938A /* Resource */,
				D974BE821C87E4B60005938A /* ViewController */,
				D974BE591C87DFC90005938A /* AppDelegate.h */,
				D974BE5A1C87DFC90005938A /* AppDelegate.m */,
				D974BE5C1C87DFC90005938A /* ViewController.h */,
				D974BE5D1C87DFC90005938A /* ViewController.m */,
				D974BE5F1C87DFC90005938A /* Main.storyboard */,
				D974BE621C87DFC90005938A /* Images.xcassets */,
				D974BE641C87DFC90005938A /* LaunchScreen.xib */,
				D974BE551C87DFC90005938A /* Supporting Files */,
			);
			path = ThiepMung;
			sourceTree = "<group>";
		};
		D974BE551C87DFC90005938A /* Supporting Files */ = {
			isa = PBXGroup;
			children = (
				D974BE561C87DFC90005938A /* Info.plist */,
				D974BE571C87DFC90005938A /* main.m */,
			);
			name = "Supporting Files";
			sourceTree = "<group>";
		};
		D974BE6E1C87DFC90005938A /* ThiepMungTests */ = {
			isa = PBXGroup;
			children = (
				D974BE711C87DFC90005938A /* ThiepMungTests.m */,
				D974BE6F1C87DFC90005938A /* Supporting Files */,
			);
			path = ThiepMungTests;
			sourceTree = "<group>";
		};
		D974BE6F1C87DFC90005938A /* Supporting Files */ = {
			isa = PBXGroup;
			children = (
				D974BE701C87DFC90005938A /* Info.plist */,
			);
			name = "Supporting Files";
			sourceTree = "<group>";
		};
		D974BE7B1C87E4B60005938A /* Global */ = {
			isa = PBXGroup;
			children = (
			);
			path = Global;
			sourceTree = "<group>";
		};
		D974BE7C1C87E4B60005938A /* Helper */ = {
			isa = PBXGroup;
			children = (
				D974BEC51C87EB5D0005938A /* MacroUtilities.h */,
			);
			path = Helper;
			sourceTree = "<group>";
		};
		D974BE7D1C87E4B60005938A /* Lib */ = {
			isa = PBXGroup;
			children = (
				D974BE7E1C87E4B60005938A /* ThirdpartyResource */,
			);
			path = Lib;
			sourceTree = "<group>";
		};
		D974BE7E1C87E4B60005938A /* ThirdpartyResource */ = {
			isa = PBXGroup;
			children = (
				D974BEAB1C87E59C0005938A /* SWRevealViewController */,
			);
			path = ThirdpartyResource;
			sourceTree = "<group>";
		};
		D974BE7F1C87E4B60005938A /* Model */ = {
			isa = PBXGroup;
			children = (
				D974BED41C87FAD90005938A /* ItemCollection.h */,
				D974BED51C87FAD90005938A /* ItemCollection.m */,
			);
			path = Model;
			sourceTree = "<group>";
		};
		D974BE801C87E4B60005938A /* Resource */ = {
			isa = PBXGroup;
			children = (
				D974BE811C87E4B60005938A /* Image */,
			);
			path = Resource;
			sourceTree = "<group>";
		};
		D974BE811C87E4B60005938A /* Image */ = {
			isa = PBXGroup;
			children = (
				D974BEBF1C87EAF00005938A /* btn_menu.png */,
				D974BEC01C87EAF00005938A /* btn_menu@2x.png */,
			);
			path = Image;
			sourceTree = "<group>";
		};
		D974BE821C87E4B60005938A /* ViewController */ = {
			isa = PBXGroup;
			children = (
				D974BEB71C87E9610005938A /* CustomNavigationBar */,
				D974BE831C87E4B60005938A /* BaseViewController */,
				D974BE841C87E4B60005938A /* HomeViewController */,
				D974BE851C87E4B60005938A /* InfoViewController */,
				D974BE861C87E4B60005938A /* RootViewController */,
				D974BE871C87E4B60005938A /* SidebarViewController */,
			);
			path = ViewController;
			sourceTree = "<group>";
		};
		D974BE831C87E4B60005938A /* BaseViewController */ = {
			isa = PBXGroup;
			children = (
				D974BE881C87E4E10005938A /* BaseViewController.h */,
				D974BE891C87E4E10005938A /* BaseViewController.m */,
				D974BE8A1C87E4E10005938A /* BaseViewController.xib */,
			);
			path = BaseViewController;
			sourceTree = "<group>";
		};
		D974BE841C87E4B60005938A /* HomeViewController */ = {
			isa = PBXGroup;
			children = (
				D974BE8F1C87E5170005938A /* HomeViewController.h */,
				D974BE901C87E5170005938A /* HomeViewController.m */,
				D974BE911C87E5170005938A /* HomeViewController.xib */,
				D974BEC91C87F3DA0005938A /* SubItemCollectionView.h */,
				D974BECA1C87F3DA0005938A /* SubItemCollectionView.m */,
				D974BEC61C87F3C40005938A /* SubItemCollectionView.xib */,
				D974BECD1C87F67A0005938A /* CollectionItemViewController.h */,
				D974BECE1C87F67A0005938A /* CollectionItemViewController.m */,
				D974BECF1C87F67A0005938A /* CollectionItemViewController.xib */,
			);
			path = HomeViewController;
			sourceTree = "<group>";
		};
		D974BE851C87E4B60005938A /* InfoViewController */ = {
			isa = PBXGroup;
			children = (
				D974BE961C87E52E0005938A /* InfoViewController.h */,
				D974BE971C87E52E0005938A /* InfoViewController.m */,
				D974BE981C87E52E0005938A /* InfoViewController.xib */,
			);
			path = InfoViewController;
			sourceTree = "<group>";
		};
		D974BE861C87E4B60005938A /* RootViewController */ = {
			isa = PBXGroup;
			children = (
				D974BE9D1C87E5420005938A /* RootViewController.h */,
				D974BE9E1C87E5420005938A /* RootViewController.m */,
				D974BE9F1C87E5420005938A /* RootViewController.xib */,
			);
			path = RootViewController;
			sourceTree = "<group>";
		};
		D974BE871C87E4B60005938A /* SidebarViewController */ = {
			isa = PBXGroup;
			children = (
				D974BEA41C87E5590005938A /* SidebarViewController.h */,
				D974BEA51C87E5590005938A /* SidebarViewController.m */,
				D974BEA61C87E5590005938A /* SidebarViewController.xib */,
				D974BEB01C87E8B40005938A /* MenuTableViewCell.h */,
				D974BEB11C87E8B40005938A /* MenuTableViewCell.m */,
				D974BEB21C87E8B40005938A /* MenuTableViewCell.xib */,
			);
			path = SidebarViewController;
			sourceTree = "<group>";
		};
		D974BEAB1C87E59C0005938A /* SWRevealViewController */ = {
			isa = PBXGroup;
			children = (
				D974BEAC1C87E59C0005938A /* SWRevealViewController.h */,
				D974BEAD1C87E59C0005938A /* SWRevealViewController.m */,
			);
			path = SWRevealViewController;
			sourceTree = "<group>";
		};
		D974BEB71C87E9610005938A /* CustomNavigationBar */ = {
			isa = PBXGroup;
			children = (
				D974BEB81C87E9610005938A /* CustomNavigationBar.h */,
				D974BEB91C87E9610005938A /* CustomNavigationBar.m */,
				D974BEBA1C87E9610005938A /* CustomNavigationBar.xib */,
			);
			path = CustomNavigationBar;
			sourceTree = "<group>";
		};
/* End PBXGroup section */

/* Begin PBXNativeTarget section */
		D974BE511C87DFC90005938A /* ThiepMung */ = {
			isa = PBXNativeTarget;
			buildConfigurationList = D974BE751C87DFC90005938A /* Build configuration list for PBXNativeTarget "ThiepMung" */;
			buildPhases = (
				D974BE4E1C87DFC90005938A /* Sources */,
				D974BE4F1C87DFC90005938A /* Frameworks */,
				D974BE501C87DFC90005938A /* Resources */,
			);
			buildRules = (
			);
			dependencies = (
			);
			name = ThiepMung;
			productName = ThiepMung;
			productReference = D974BE521C87DFC90005938A /* ThiepMung.app */;
			productType = "com.apple.product-type.application";
		};
		D974BE6A1C87DFC90005938A /* ThiepMungTests */ = {
			isa = PBXNativeTarget;
			buildConfigurationList = D974BE781C87DFC90005938A /* Build configuration list for PBXNativeTarget "ThiepMungTests" */;
			buildPhases = (
				D974BE671C87DFC90005938A /* Sources */,
				D974BE681C87DFC90005938A /* Frameworks */,
				D974BE691C87DFC90005938A /* Resources */,
			);
			buildRules = (
			);
			dependencies = (
				D974BE6D1C87DFC90005938A /* PBXTargetDependency */,
			);
			name = ThiepMungTests;
			productName = ThiepMungTests;
			productReference = D974BE6B1C87DFC90005938A /* ThiepMungTests.xctest */;
			productType = "com.apple.product-type.bundle.unit-test";
		};
/* End PBXNativeTarget section */

/* Begin PBXProject section */
		D974BE4A1C87DFC90005938A /* Project object */ = {
			isa = PBXProject;
			attributes = {
				LastUpgradeCheck = 0640;
				ORGANIZATIONNAME = Amobi;
				TargetAttributes = {
					D974BE511C87DFC90005938A = {
						CreatedOnToolsVersion = 6.4;
					};
					D974BE6A1C87DFC90005938A = {
						CreatedOnToolsVersion = 6.4;
						TestTargetID = D974BE511C87DFC90005938A;
					};
				};
			};
			buildConfigurationList = D974BE4D1C87DFC90005938A /* Build configuration list for PBXProject "ThiepMung" */;
			compatibilityVersion = "Xcode 3.2";
			developmentRegion = English;
			hasScannedForEncodings = 0;
			knownRegions = (
				en,
				Base,
			);
			mainGroup = D974BE491C87DFC90005938A;
			productRefGroup = D974BE531C87DFC90005938A /* Products */;
			projectDirPath = "";
			projectRoot = "";
			targets = (
				D974BE511C87DFC90005938A /* ThiepMung */,
				D974BE6A1C87DFC90005938A /* ThiepMungTests */,
			);
		};
/* End PBXProject section */

/* Begin PBXResourcesBuildPhase section */
		D974BE501C87DFC90005938A /* Resources */ = {
			isa = PBXResourcesBuildPhase;
			buildActionMask = 2147483647;
			files = (
				D974BED21C87F67A0005938A /* CollectionItemViewController.xib in Resources */,
				D974BEC31C87EAF00005938A /* btn_menu@2x.png in Resources */,
				D974BEB51C87E8B40005938A /* MenuTableViewCell.xib in Resources */,
				D974BEC11C87EAF00005938A /* btn_menu.png in Resources */,
				D974BE611C87DFC90005938A /* Main.storyboard in Resources */,
				D974BE8D1C87E4E10005938A /* BaseViewController.xib in Resources */,
				D974BE941C87E5170005938A /* HomeViewController.xib in Resources */,
				D974BEA91C87E5590005938A /* SidebarViewController.xib in Resources */,
				D974BE661C87DFC90005938A /* LaunchScreen.xib in Resources */,
				D974BEC71C87F3C40005938A /* SubItemCollectionView.xib in Resources */,
				D974BEBD1C87E9610005938A /* CustomNavigationBar.xib in Resources */,
				D974BEA21C87E5420005938A /* RootViewController.xib in Resources */,
				D974BE9B1C87E52E0005938A /* InfoViewController.xib in Resources */,
				D974BE631C87DFC90005938A /* Images.xcassets in Resources */,
			);
			runOnlyForDeploymentPostprocessing = 0;
		};
		D974BE691C87DFC90005938A /* Resources */ = {
			isa = PBXResourcesBuildPhase;
			buildActionMask = 2147483647;
			files = (
				D974BEC81C87F3C40005938A /* SubItemCollectionView.xib in Resources */,
				D974BEC41C87EAF00005938A /* btn_menu@2x.png in Resources */,
				D974BEB61C87E8B40005938A /* MenuTableViewCell.xib in Resources */,
				D974BE8E1C87E4E10005938A /* BaseViewController.xib in Resources */,
				D974BE9C1C87E52E0005938A /* InfoViewController.xib in Resources */,
				D974BEAA1C87E5590005938A /* SidebarViewController.xib in Resources */,
				D974BEA31C87E5420005938A /* RootViewController.xib in Resources */,
				D974BEBE1C87E9610005938A /* CustomNavigationBar.xib in Resources */,
				D974BE951C87E5170005938A /* HomeViewController.xib in Resources */,
				D974BEC21C87EAF00005938A /* btn_menu.png in Resources */,
				D974BED31C87F67A0005938A /* CollectionItemViewController.xib in Resources */,
			);
			runOnlyForDeploymentPostprocessing = 0;
		};
/* End PBXResourcesBuildPhase section */

/* Begin PBXSourcesBuildPhase section */
		D974BE4E1C87DFC90005938A /* Sources */ = {
			isa = PBXSourcesBuildPhase;
			buildActionMask = 2147483647;
			files = (
				D974BE5E1C87DFC90005938A /* ViewController.m in Sources */,
				D974BEA01C87E5420005938A /* RootViewController.m in Sources */,
				D974BEB31C87E8B40005938A /* MenuTableViewCell.m in Sources */,
				D974BE8B1C87E4E10005938A /* BaseViewController.m in Sources */,
				D974BEA71C87E5590005938A /* SidebarViewController.m in Sources */,
				D974BE991C87E52E0005938A /* InfoViewController.m in Sources */,
				D974BEAE1C87E59C0005938A /* SWRevealViewController.m in Sources */,
				D974BEBB1C87E9610005938A /* CustomNavigationBar.m in Sources */,
				D974BED01C87F67A0005938A /* CollectionItemViewController.m in Sources */,
				D974BE5B1C87DFC90005938A /* AppDelegate.m in Sources */,
				D974BE921C87E5170005938A /* HomeViewController.m in Sources */,
				D974BECB1C87F3DA0005938A /* SubItemCollectionView.m in Sources */,
				D974BED61C87FAD90005938A /* ItemCollection.m in Sources */,
				D974BE581C87DFC90005938A /* main.m in Sources */,
			);
			runOnlyForDeploymentPostprocessing = 0;
		};
		D974BE671C87DFC90005938A /* Sources */ = {
			isa = PBXSourcesBuildPhase;
			buildActionMask = 2147483647;
			files = (
				D974BEAF1C87E59C0005938A /* SWRevealViewController.m in Sources */,
				D974BEBC1C87E9610005938A /* CustomNavigationBar.m in Sources */,
				D974BE721C87DFC90005938A /* ThiepMungTests.m in Sources */,
				D974BE8C1C87E4E10005938A /* BaseViewController.m in Sources */,
				D974BE9A1C87E52E0005938A /* InfoViewController.m in Sources */,
				D974BEA81C87E5590005938A /* SidebarViewController.m in Sources */,
				D974BED71C87FAD90005938A /* ItemCollection.m in Sources */,
				D974BE931C87E5170005938A /* HomeViewController.m in Sources */,
				D974BEB41C87E8B40005938A /* MenuTableViewCell.m in Sources */,
				D974BECC1C87F3DA0005938A /* SubItemCollectionView.m in Sources */,
				D974BEA11C87E5420005938A /* RootViewController.m in Sources */,
				D974BED11C87F67A0005938A /* CollectionItemViewController.m in Sources */,
			);
			runOnlyForDeploymentPostprocessing = 0;
		};
/* End PBXSourcesBuildPhase section */

/* Begin PBXTargetDependency section */
		D974BE6D1C87DFC90005938A /* PBXTargetDependency */ = {
			isa = PBXTargetDependency;
			target = D974BE511C87DFC90005938A /* ThiepMung */;
			targetProxy = D974BE6C1C87DFC90005938A /* PBXContainerItemProxy */;
		};
/* End PBXTargetDependency section */

/* Begin PBXVariantGroup section */
		D974BE5F1C87DFC90005938A /* Main.storyboard */ = {
			isa = PBXVariantGroup;
			children = (
				D974BE601C87DFC90005938A /* Base */,
			);
			name = Main.storyboard;
			sourceTree = "<group>";
		};
		D974BE641C87DFC90005938A /* LaunchScreen.xib */ = {
			isa = PBXVariantGroup;
			children = (
				D974BE651C87DFC90005938A /* Base */,
			);
			name = LaunchScreen.xib;
			sourceTree = "<group>";
		};
/* End PBXVariantGroup section */

/* Begin XCBuildConfiguration section */
		D974BE731C87DFC90005938A /* Debug */ = {
			isa = XCBuildConfiguration;
			buildSettings = {
				ALWAYS_SEARCH_USER_PATHS = NO;
				CLANG_CXX_LANGUAGE_STANDARD = "gnu++0x";
				CLANG_CXX_LIBRARY = "libc++";
				CLANG_ENABLE_MODULES = YES;
				CLANG_ENABLE_OBJC_ARC = YES;
				CLANG_WARN_BOOL_CONVERSION = YES;
				CLANG_WARN_CONSTANT_CONVERSION = YES;
				CLANG_WARN_DIRECT_OBJC_ISA_USAGE = YES_ERROR;
				CLANG_WARN_EMPTY_BODY = YES;
				CLANG_WARN_ENUM_CONVERSION = YES;
				CLANG_WARN_INT_CONVERSION = YES;
				CLANG_WARN_OBJC_ROOT_CLASS = YES_ERROR;
				CLANG_WARN_UNREACHABLE_CODE = YES;
				CLANG_WARN__DUPLICATE_METHOD_MATCH = YES;
				"CODE_SIGN_IDENTITY[sdk=iphoneos*]" = "iPhone Developer";
				COPY_PHASE_STRIP = NO;
				DEBUG_INFORMATION_FORMAT = "dwarf-with-dsym";
				ENABLE_STRICT_OBJC_MSGSEND = YES;
				GCC_C_LANGUAGE_STANDARD = gnu99;
				GCC_DYNAMIC_NO_PIC = NO;
				GCC_NO_COMMON_BLOCKS = YES;
				GCC_OPTIMIZATION_LEVEL = 0;
				GCC_PREPROCESSOR_DEFINITIONS = (
					"DEBUG=1",
					"$(inherited)",
				);
				GCC_SYMBOLS_PRIVATE_EXTERN = NO;
				GCC_WARN_64_TO_32_BIT_CONVERSION = YES;
				GCC_WARN_ABOUT_RETURN_TYPE = YES_ERROR;
				GCC_WARN_UNDECLARED_SELECTOR = YES;
				GCC_WARN_UNINITIALIZED_AUTOS = YES_AGGRESSIVE;
				GCC_WARN_UNUSED_FUNCTION = YES;
				GCC_WARN_UNUSED_VARIABLE = YES;
				IPHONEOS_DEPLOYMENT_TARGET = 8.4;
				MTL_ENABLE_DEBUG_INFO = YES;
				ONLY_ACTIVE_ARCH = YES;
				SDKROOT = iphoneos;
				TARGETED_DEVICE_FAMILY = "1,2";
			};
			name = Debug;
		};
		D974BE741C87DFC90005938A /* Release */ = {
			isa = XCBuildConfiguration;
			buildSettings = {
				ALWAYS_SEARCH_USER_PATHS = NO;
				CLANG_CXX_LANGUAGE_STANDARD = "gnu++0x";
				CLANG_CXX_LIBRARY = "libc++";
				CLANG_ENABLE_MODULES = YES;
				CLANG_ENABLE_OBJC_ARC = YES;
				CLANG_WARN_BOOL_CONVERSION = YES;
				CLANG_WARN_CONSTANT_CONVERSION = YES;
				CLANG_WARN_DIRECT_OBJC_ISA_USAGE = YES_ERROR;
				CLANG_WARN_EMPTY_BODY = YES;
				CLANG_WARN_ENUM_CONVERSION = YES;
				CLANG_WARN_INT_CONVERSION = YES;
				CLANG_WARN_OBJC_ROOT_CLASS = YES_ERROR;
				CLANG_WARN_UNREACHABLE_CODE = YES;
				CLANG_WARN__DUPLICATE_METHOD_MATCH = YES;
				"CODE_SIGN_IDENTITY[sdk=iphoneos*]" = "iPhone Developer";
				COPY_PHASE_STRIP = NO;
				DEBUG_INFORMATION_FORMAT = "dwarf-with-dsym";
				ENABLE_NS_ASSERTIONS = NO;
				ENABLE_STRICT_OBJC_MSGSEND = YES;
				GCC_C_LANGUAGE_STANDARD = gnu99;
				GCC_NO_COMMON_BLOCKS = YES;
				GCC_WARN_64_TO_32_BIT_CONVERSION = YES;
				GCC_WARN_ABOUT_RETURN_TYPE = YES_ERROR;
				GCC_WARN_UNDECLARED_SELECTOR = YES;
				GCC_WARN_UNINITIALIZED_AUTOS = YES_AGGRESSIVE;
				GCC_WARN_UNUSED_FUNCTION = YES;
				GCC_WARN_UNUSED_VARIABLE = YES;
				IPHONEOS_DEPLOYMENT_TARGET = 8.4;
				MTL_ENABLE_DEBUG_INFO = NO;
				SDKROOT = iphoneos;
				TARGETED_DEVICE_FAMILY = "1,2";
				VALIDATE_PRODUCT = YES;
			};
			name = Release;
		};
		D974BE761C87DFC90005938A /* Debug */ = {
			isa = XCBuildConfiguration;
			buildSettings = {
				ASSETCATALOG_COMPILER_APPICON_NAME = AppIcon;
				INFOPLIST_FILE = ThiepMung/Info.plist;
				LD_RUNPATH_SEARCH_PATHS = "$(inherited) @executable_path/Frameworks";
				PRODUCT_NAME = "$(TARGET_NAME)";
			};
			name = Debug;
		};
		D974BE771C87DFC90005938A /* Release */ = {
			isa = XCBuildConfiguration;
			buildSettings = {
				ASSETCATALOG_COMPILER_APPICON_NAME = AppIcon;
				INFOPLIST_FILE = ThiepMung/Info.plist;
				LD_RUNPATH_SEARCH_PATHS = "$(inherited) @executable_path/Frameworks";
				PRODUCT_NAME = "$(TARGET_NAME)";
			};
			name = Release;
		};
		D974BE791C87DFC90005938A /* Debug */ = {
			isa = XCBuildConfiguration;
			buildSettings = {
				BUNDLE_LOADER = "$(TEST_HOST)";
				FRAMEWORK_SEARCH_PATHS = (
					"$(SDKROOT)/Developer/Library/Frameworks",
					"$(inherited)",
				);
				GCC_PREPROCESSOR_DEFINITIONS = (
					"DEBUG=1",
					"$(inherited)",
				);
				INFOPLIST_FILE = ThiepMungTests/Info.plist;
				LD_RUNPATH_SEARCH_PATHS = "$(inherited) @executable_path/Frameworks @loader_path/Frameworks";
				PRODUCT_NAME = "$(TARGET_NAME)";
				TEST_HOST = "$(BUILT_PRODUCTS_DIR)/ThiepMung.app/ThiepMung";
			};
			name = Debug;
		};
		D974BE7A1C87DFC90005938A /* Release */ = {
			isa = XCBuildConfiguration;
			buildSettings = {
				BUNDLE_LOADER = "$(TEST_HOST)";
				FRAMEWORK_SEARCH_PATHS = (
					"$(SDKROOT)/Developer/Library/Frameworks",
					"$(inherited)",
				);
				INFOPLIST_FILE = ThiepMungTests/Info.plist;
				LD_RUNPATH_SEARCH_PATHS = "$(inherited) @executable_path/Frameworks @loader_path/Frameworks";
				PRODUCT_NAME = "$(TARGET_NAME)";
				TEST_HOST = "$(BUILT_PRODUCTS_DIR)/ThiepMung.app/ThiepMung";
			};
			name = Release;
		};
/* End XCBuildConfiguration section */

/* Begin XCConfigurationList section */
		D974BE4D1C87DFC90005938A /* Build configuration list for PBXProject "ThiepMung" */ = {
			isa = XCConfigurationList;
			buildConfigurations = (
				D974BE731C87DFC90005938A /* Debug */,
				D974BE741C87DFC90005938A /* Release */,
			);
			defaultConfigurationIsVisible = 0;
			defaultConfigurationName = Release;
		};
		D974BE751C87DFC90005938A /* Build configuration list for PBXNativeTarget "ThiepMung" */ = {
			isa = XCConfigurationList;
			buildConfigurations = (
				D974BE761C87DFC90005938A /* Debug */,
				D974BE771C87DFC90005938A /* Release */,
			);
			defaultConfigurationIsVisible = 0;
			defaultConfigurationName = Release;
		};
		D974BE781C87DFC90005938A /* Build configuration list for PBXNativeTarget "ThiepMungTests" */ = {
			isa = XCConfigurationList;
			buildConfigurations = (
				D974BE791C87DFC90005938A /* Debug */,
				D974BE7A1C87DFC90005938A /* Release */,
			);
			defaultConfigurationIsVisible = 0;
			defaultConfigurationName = Release;
		};
/* End XCConfigurationList section */
	};
	rootObject = D974BE4A1C87DFC90005938A /* Project object */;
}
