// !$*UTF8*$!
{
	archiveVersion = 1;
	classes = {
	};
	objectVersion = 46;
	objects = {

/* Begin PBXBuildFile section */
		D90CB4C61C98F83B008D051F /* main.m in Sources */ = {isa = PBXBuildFile; fileRef = D90CB4C51C98F83B008D051F /* main.m */; };
		D90CB4C91C98F83B008D051F /* AppDelegate.m in Sources */ = {isa = PBXBuildFile; fileRef = D90CB4C81C98F83B008D051F /* AppDelegate.m */; };
		D90CB4CC1C98F83B008D051F /* ViewController.m in Sources */ = {isa = PBXBuildFile; fileRef = D90CB4CB1C98F83B008D051F /* ViewController.m */; };
		D90CB4CF1C98F83B008D051F /* Main.storyboard in Resources */ = {isa = PBXBuildFile; fileRef = D90CB4CD1C98F83B008D051F /* Main.storyboard */; };
		D90CB4D11C98F83B008D051F /* Images.xcassets in Resources */ = {isa = PBXBuildFile; fileRef = D90CB4D01C98F83B008D051F /* Images.xcassets */; };
		D90CB4D41C98F83B008D051F /* LaunchScreen.xib in Resources */ = {isa = PBXBuildFile; fileRef = D90CB4D21C98F83B008D051F /* LaunchScreen.xib */; };
		D90CB4E01C98F83C008D051F /* TestTableviewTests.m in Sources */ = {isa = PBXBuildFile; fileRef = D90CB4DF1C98F83C008D051F /* TestTableviewTests.m */; };
		D90CB4EC1C98F8A3008D051F /* TestTableViewController.m in Sources */ = {isa = PBXBuildFile; fileRef = D90CB4EA1C98F8A3008D051F /* TestTableViewController.m */; };
		D90CB4ED1C98F8A3008D051F /* TestTableViewController.m in Sources */ = {isa = PBXBuildFile; fileRef = D90CB4EA1C98F8A3008D051F /* TestTableViewController.m */; };
		D90CB4EE1C98F8A3008D051F /* TestTableViewController.xib in Resources */ = {isa = PBXBuildFile; fileRef = D90CB4EB1C98F8A3008D051F /* TestTableViewController.xib */; };
		D90CB4EF1C98F8A3008D051F /* TestTableViewController.xib in Resources */ = {isa = PBXBuildFile; fileRef = D90CB4EB1C98F8A3008D051F /* TestTableViewController.xib */; };
/* End PBXBuildFile section */

/* Begin PBXContainerItemProxy section */
		D90CB4DA1C98F83C008D051F /* PBXContainerItemProxy */ = {
			isa = PBXContainerItemProxy;
			containerPortal = D90CB4B81C98F83B008D051F /* Project object */;
			proxyType = 1;
			remoteGlobalIDString = D90CB4BF1C98F83B008D051F;
			remoteInfo = TestTableview;
		};
/* End PBXContainerItemProxy section */

/* Begin PBXFileReference section */
		D90CB4C01C98F83B008D051F /* TestTableview.app */ = {isa = PBXFileReference; explicitFileType = wrapper.application; includeInIndex = 0; path = TestTableview.app; sourceTree = BUILT_PRODUCTS_DIR; };
		D90CB4C41C98F83B008D051F /* Info.plist */ = {isa = PBXFileReference; lastKnownFileType = text.plist.xml; path = Info.plist; sourceTree = "<group>"; };
		D90CB4C51C98F83B008D051F /* main.m */ = {isa = PBXFileReference; lastKnownFileType = sourcecode.c.objc; path = main.m; sourceTree = "<group>"; };
		D90CB4C71C98F83B008D051F /* AppDelegate.h */ = {isa = PBXFileReference; lastKnownFileType = sourcecode.c.h; path = AppDelegate.h; sourceTree = "<group>"; };
		D90CB4C81C98F83B008D051F /* AppDelegate.m */ = {isa = PBXFileReference; lastKnownFileType = sourcecode.c.objc; path = AppDelegate.m; sourceTree = "<group>"; };
		D90CB4CA1C98F83B008D051F /* ViewController.h */ = {isa = PBXFileReference; lastKnownFileType = sourcecode.c.h; path = ViewController.h; sourceTree = "<group>"; };
		D90CB4CB1C98F83B008D051F /* ViewController.m */ = {isa = PBXFileReference; lastKnownFileType = sourcecode.c.objc; path = ViewController.m; sourceTree = "<group>"; };
		D90CB4CE1C98F83B008D051F /* Base */ = {isa = PBXFileReference; lastKnownFileType = file.storyboard; name = Base; path = Base.lproj/Main.storyboard; sourceTree = "<group>"; };
		D90CB4D01C98F83B008D051F /* Images.xcassets */ = {isa = PBXFileReference; lastKnownFileType = folder.assetcatalog; path = Images.xcassets; sourceTree = "<group>"; };
		D90CB4D31C98F83B008D051F /* Base */ = {isa = PBXFileReference; lastKnownFileType = file.xib; name = Base; path = Base.lproj/LaunchScreen.xib; sourceTree = "<group>"; };
		D90CB4D91C98F83C008D051F /* TestTableviewTests.xctest */ = {isa = PBXFileReference; explicitFileType = wrapper.cfbundle; includeInIndex = 0; path = TestTableviewTests.xctest; sourceTree = BUILT_PRODUCTS_DIR; };
		D90CB4DE1C98F83C008D051F /* Info.plist */ = {isa = PBXFileReference; lastKnownFileType = text.plist.xml; path = Info.plist; sourceTree = "<group>"; };
		D90CB4DF1C98F83C008D051F /* TestTableviewTests.m */ = {isa = PBXFileReference; lastKnownFileType = sourcecode.c.objc; path = TestTableviewTests.m; sourceTree = "<group>"; };
		D90CB4E91C98F8A3008D051F /* TestTableViewController.h */ = {isa = PBXFileReference; fileEncoding = 4; lastKnownFileType = sourcecode.c.h; path = TestTableViewController.h; sourceTree = "<group>"; };
		D90CB4EA1C98F8A3008D051F /* TestTableViewController.m */ = {isa = PBXFileReference; fileEncoding = 4; lastKnownFileType = sourcecode.c.objc; path = TestTableViewController.m; sourceTree = "<group>"; };
		D90CB4EB1C98F8A3008D051F /* TestTableViewController.xib */ = {isa = PBXFileReference; fileEncoding = 4; lastKnownFileType = file.xib; path = TestTableViewController.xib; sourceTree = "<group>"; };
/* End PBXFileReference section */

/* Begin PBXFrameworksBuildPhase section */
		D90CB4BD1C98F83B008D051F /* Frameworks */ = {
			isa = PBXFrameworksBuildPhase;
			buildActionMask = 2147483647;
			files = (
			);
			runOnlyForDeploymentPostprocessing = 0;
		};
		D90CB4D61C98F83C008D051F /* Frameworks */ = {
			isa = PBXFrameworksBuildPhase;
			buildActionMask = 2147483647;
			files = (
			);
			runOnlyForDeploymentPostprocessing = 0;
		};
/* End PBXFrameworksBuildPhase section */

/* Begin PBXGroup section */
		D90CB4B71C98F83B008D051F = {
			isa = PBXGroup;
			children = (
				D90CB4C21C98F83B008D051F /* TestTableview */,
				D90CB4DC1C98F83C008D051F /* TestTableviewTests */,
				D90CB4C11C98F83B008D051F /* Products */,
			);
			sourceTree = "<group>";
		};
		D90CB4C11C98F83B008D051F /* Products */ = {
			isa = PBXGroup;
			children = (
				D90CB4C01C98F83B008D051F /* TestTableview.app */,
				D90CB4D91C98F83C008D051F /* TestTableviewTests.xctest */,
			);
			name = Products;
			sourceTree = "<group>";
		};
		D90CB4C21C98F83B008D051F /* TestTableview */ = {
			isa = PBXGroup;
			children = (
				D90CB4C71C98F83B008D051F /* AppDelegate.h */,
				D90CB4C81C98F83B008D051F /* AppDelegate.m */,
				D90CB4CA1C98F83B008D051F /* ViewController.h */,
				D90CB4CB1C98F83B008D051F /* ViewController.m */,
				D90CB4CD1C98F83B008D051F /* Main.storyboard */,
				D90CB4D01C98F83B008D051F /* Images.xcassets */,
				D90CB4D21C98F83B008D051F /* LaunchScreen.xib */,
				D90CB4C31C98F83B008D051F /* Supporting Files */,
				D90CB4E91C98F8A3008D051F /* TestTableViewController.h */,
				D90CB4EA1C98F8A3008D051F /* TestTableViewController.m */,
				D90CB4EB1C98F8A3008D051F /* TestTableViewController.xib */,
			);
			path = TestTableview;
			sourceTree = "<group>";
		};
		D90CB4C31C98F83B008D051F /* Supporting Files */ = {
			isa = PBXGroup;
			children = (
				D90CB4C41C98F83B008D051F /* Info.plist */,
				D90CB4C51C98F83B008D051F /* main.m */,
			);
			name = "Supporting Files";
			sourceTree = "<group>";
		};
		D90CB4DC1C98F83C008D051F /* TestTableviewTests */ = {
			isa = PBXGroup;
			children = (
				D90CB4DF1C98F83C008D051F /* TestTableviewTests.m */,
				D90CB4DD1C98F83C008D051F /* Supporting Files */,
			);
			path = TestTableviewTests;
			sourceTree = "<group>";
		};
		D90CB4DD1C98F83C008D051F /* Supporting Files */ = {
			isa = PBXGroup;
			children = (
				D90CB4DE1C98F83C008D051F /* Info.plist */,
			);
			name = "Supporting Files";
			sourceTree = "<group>";
		};
/* End PBXGroup section */

/* Begin PBXNativeTarget section */
		D90CB4BF1C98F83B008D051F /* TestTableview */ = {
			isa = PBXNativeTarget;
			buildConfigurationList = D90CB4E31C98F83C008D051F /* Build configuration list for PBXNativeTarget "TestTableview" */;
			buildPhases = (
				D90CB4BC1C98F83B008D051F /* Sources */,
				D90CB4BD1C98F83B008D051F /* Frameworks */,
				D90CB4BE1C98F83B008D051F /* Resources */,
			);
			buildRules = (
			);
			dependencies = (
			);
			name = TestTableview;
			productName = TestTableview;
			productReference = D90CB4C01C98F83B008D051F /* TestTableview.app */;
			productType = "com.apple.product-type.application";
		};
		D90CB4D81C98F83C008D051F /* TestTableviewTests */ = {
			isa = PBXNativeTarget;
			buildConfigurationList = D90CB4E61C98F83C008D051F /* Build configuration list for PBXNativeTarget "TestTableviewTests" */;
			buildPhases = (
				D90CB4D51C98F83C008D051F /* Sources */,
				D90CB4D61C98F83C008D051F /* Frameworks */,
				D90CB4D71C98F83C008D051F /* Resources */,
			);
			buildRules = (
			);
			dependencies = (
				D90CB4DB1C98F83C008D051F /* PBXTargetDependency */,
			);
			name = TestTableviewTests;
			productName = TestTableviewTests;
			productReference = D90CB4D91C98F83C008D051F /* TestTableviewTests.xctest */;
			productType = "com.apple.product-type.bundle.unit-test";
		};
/* End PBXNativeTarget section */

/* Begin PBXProject section */
		D90CB4B81C98F83B008D051F /* Project object */ = {
			isa = PBXProject;
			attributes = {
				LastUpgradeCheck = 0640;
				ORGANIZATIONNAME = Amobi;
				TargetAttributes = {
					D90CB4BF1C98F83B008D051F = {
						CreatedOnToolsVersion = 6.4;
					};
					D90CB4D81C98F83C008D051F = {
						CreatedOnToolsVersion = 6.4;
						TestTargetID = D90CB4BF1C98F83B008D051F;
					};
				};
			};
			buildConfigurationList = D90CB4BB1C98F83B008D051F /* Build configuration list for PBXProject "TestTableview" */;
			compatibilityVersion = "Xcode 3.2";
			developmentRegion = English;
			hasScannedForEncodings = 0;
			knownRegions = (
				en,
				Base,
			);
			mainGroup = D90CB4B71C98F83B008D051F;
			productRefGroup = D90CB4C11C98F83B008D051F /* Products */;
			projectDirPath = "";
			projectRoot = "";
			targets = (
				D90CB4BF1C98F83B008D051F /* TestTableview */,
				D90CB4D81C98F83C008D051F /* TestTableviewTests */,
			);
		};
/* End PBXProject section */

/* Begin PBXResourcesBuildPhase section */
		D90CB4BE1C98F83B008D051F /* Resources */ = {
			isa = PBXResourcesBuildPhase;
			buildActionMask = 2147483647;
			files = (
				D90CB4CF1C98F83B008D051F /* Main.storyboard in Resources */,
				D90CB4D41C98F83B008D051F /* LaunchScreen.xib in Resources */,
				D90CB4D11C98F83B008D051F /* Images.xcassets in Resources */,
				D90CB4EE1C98F8A3008D051F /* TestTableViewController.xib in Resources */,
			);
			runOnlyForDeploymentPostprocessing = 0;
		};
		D90CB4D71C98F83C008D051F /* Resources */ = {
			isa = PBXResourcesBuildPhase;
			buildActionMask = 2147483647;
			files = (
				D90CB4EF1C98F8A3008D051F /* TestTableViewController.xib in Resources */,
			);
			runOnlyForDeploymentPostprocessing = 0;
		};
/* End PBXResourcesBuildPhase section */

/* Begin PBXSourcesBuildPhase section */
		D90CB4BC1C98F83B008D051F /* Sources */ = {
			isa = PBXSourcesBuildPhase;
			buildActionMask = 2147483647;
			files = (
				D90CB4CC1C98F83B008D051F /* ViewController.m in Sources */,
				D90CB4C91C98F83B008D051F /* AppDelegate.m in Sources */,
				D90CB4C61C98F83B008D051F /* main.m in Sources */,
				D90CB4EC1C98F8A3008D051F /* TestTableViewController.m in Sources */,
			);
			runOnlyForDeploymentPostprocessing = 0;
		};
		D90CB4D51C98F83C008D051F /* Sources */ = {
			isa = PBXSourcesBuildPhase;
			buildActionMask = 2147483647;
			files = (
				D90CB4E01C98F83C008D051F /* TestTableviewTests.m in Sources */,
				D90CB4ED1C98F8A3008D051F /* TestTableViewController.m in Sources */,
			);
			runOnlyForDeploymentPostprocessing = 0;
		};
/* End PBXSourcesBuildPhase section */

/* Begin PBXTargetDependency section */
		D90CB4DB1C98F83C008D051F /* PBXTargetDependency */ = {
			isa = PBXTargetDependency;
			target = D90CB4BF1C98F83B008D051F /* TestTableview */;
			targetProxy = D90CB4DA1C98F83C008D051F /* PBXContainerItemProxy */;
		};
/* End PBXTargetDependency section */

/* Begin PBXVariantGroup section */
		D90CB4CD1C98F83B008D051F /* Main.storyboard */ = {
			isa = PBXVariantGroup;
			children = (
				D90CB4CE1C98F83B008D051F /* Base */,
			);
			name = Main.storyboard;
			sourceTree = "<group>";
		};
		D90CB4D21C98F83B008D051F /* LaunchScreen.xib */ = {
			isa = PBXVariantGroup;
			children = (
				D90CB4D31C98F83B008D051F /* Base */,
			);
			name = LaunchScreen.xib;
			sourceTree = "<group>";
		};
/* End PBXVariantGroup section */

/* Begin XCBuildConfiguration section */
		D90CB4E11C98F83C008D051F /* Debug */ = {
			isa = XCBuildConfiguration;
			buildSettings = {
				ALWAYS_SEARCH_USER_PATHS = NO;
				CLANG_CXX_LANGUAGE_STANDARD = "gnu++0x";
				CLANG_CXX_LIBRARY = "libc++";
				CLANG_ENABLE_MODULES = YES;
				CLANG_ENABLE_OBJC_ARC = YES;
				CLANG_WARN_BOOL_CONVERSION = YES;
				CLANG_WARN_CONSTANT_CONVERSION = YES;
				CLANG_WARN_DIRECT_OBJC_ISA_USAGE = YES_ERROR;
				CLANG_WARN_EMPTY_BODY = YES;
				CLANG_WARN_ENUM_CONVERSION = YES;
				CLANG_WARN_INT_CONVERSION = YES;
				CLANG_WARN_OBJC_ROOT_CLASS = YES_ERROR;
				CLANG_WARN_UNREACHABLE_CODE = YES;
				CLANG_WARN__DUPLICATE_METHOD_MATCH = YES;
				"CODE_SIGN_IDENTITY[sdk=iphoneos*]" = "iPhone Developer";
				COPY_PHASE_STRIP = NO;
				DEBUG_INFORMATION_FORMAT = "dwarf-with-dsym";
				ENABLE_STRICT_OBJC_MSGSEND = YES;
				GCC_C_LANGUAGE_STANDARD = gnu99;
				GCC_DYNAMIC_NO_PIC = NO;
				GCC_NO_COMMON_BLOCKS = YES;
				GCC_OPTIMIZATION_LEVEL = 0;
				GCC_PREPROCESSOR_DEFINITIONS = (
					"DEBUG=1",
					"$(inherited)",
				);
				GCC_SYMBOLS_PRIVATE_EXTERN = NO;
				GCC_WARN_64_TO_32_BIT_CONVERSION = YES;
				GCC_WARN_ABOUT_RETURN_TYPE = YES_ERROR;
				GCC_WARN_UNDECLARED_SELECTOR = YES;
				GCC_WARN_UNINITIALIZED_AUTOS = YES_AGGRESSIVE;
				GCC_WARN_UNUSED_FUNCTION = YES;
				GCC_WARN_UNUSED_VARIABLE = YES;
				IPHONEOS_DEPLOYMENT_TARGET = 8.4;
				MTL_ENABLE_DEBUG_INFO = YES;
				ONLY_ACTIVE_ARCH = YES;
				SDKROOT = iphoneos;
				TARGETED_DEVICE_FAMILY = "1,2";
			};
			name = Debug;
		};
		D90CB4E21C98F83C008D051F /* Release */ = {
			isa = XCBuildConfiguration;
			buildSettings = {
				ALWAYS_SEARCH_USER_PATHS = NO;
				CLANG_CXX_LANGUAGE_STANDARD = "gnu++0x";
				CLANG_CXX_LIBRARY = "libc++";
				CLANG_ENABLE_MODULES = YES;
				CLANG_ENABLE_OBJC_ARC = YES;
				CLANG_WARN_BOOL_CONVERSION = YES;
				CLANG_WARN_CONSTANT_CONVERSION = YES;
				CLANG_WARN_DIRECT_OBJC_ISA_USAGE = YES_ERROR;
				CLANG_WARN_EMPTY_BODY = YES;
				CLANG_WARN_ENUM_CONVERSION = YES;
				CLANG_WARN_INT_CONVERSION = YES;
				CLANG_WARN_OBJC_ROOT_CLASS = YES_ERROR;
				CLANG_WARN_UNREACHABLE_CODE = YES;
				CLANG_WARN__DUPLICATE_METHOD_MATCH = YES;
				"CODE_SIGN_IDENTITY[sdk=iphoneos*]" = "iPhone Developer";
				COPY_PHASE_STRIP = NO;
				DEBUG_INFORMATION_FORMAT = "dwarf-with-dsym";
				ENABLE_NS_ASSERTIONS = NO;
				ENABLE_STRICT_OBJC_MSGSEND = YES;
				GCC_C_LANGUAGE_STANDARD = gnu99;
				GCC_NO_COMMON_BLOCKS = YES;
				GCC_WARN_64_TO_32_BIT_CONVERSION = YES;
				GCC_WARN_ABOUT_RETURN_TYPE = YES_ERROR;
				GCC_WARN_UNDECLARED_SELECTOR = YES;
				GCC_WARN_UNINITIALIZED_AUTOS = YES_AGGRESSIVE;
				GCC_WARN_UNUSED_FUNCTION = YES;
				GCC_WARN_UNUSED_VARIABLE = YES;
				IPHONEOS_DEPLOYMENT_TARGET = 8.4;
				MTL_ENABLE_DEBUG_INFO = NO;
				SDKROOT = iphoneos;
				TARGETED_DEVICE_FAMILY = "1,2";
				VALIDATE_PRODUCT = YES;
			};
			name = Release;
		};
		D90CB4E41C98F83C008D051F /* Debug */ = {
			isa = XCBuildConfiguration;
			buildSettings = {
				ASSETCATALOG_COMPILER_APPICON_NAME = AppIcon;
				INFOPLIST_FILE = TestTableview/Info.plist;
				LD_RUNPATH_SEARCH_PATHS = "$(inherited) @executable_path/Frameworks";
				PRODUCT_NAME = "$(TARGET_NAME)";
			};
			name = Debug;
		};
		D90CB4E51C98F83C008D051F /* Release */ = {
			isa = XCBuildConfiguration;
			buildSettings = {
				ASSETCATALOG_COMPILER_APPICON_NAME = AppIcon;
				INFOPLIST_FILE = TestTableview/Info.plist;
				LD_RUNPATH_SEARCH_PATHS = "$(inherited) @executable_path/Frameworks";
				PRODUCT_NAME = "$(TARGET_NAME)";
			};
			name = Release;
		};
		D90CB4E71C98F83C008D051F /* Debug */ = {
			isa = XCBuildConfiguration;
			buildSettings = {
				BUNDLE_LOADER = "$(TEST_HOST)";
				FRAMEWORK_SEARCH_PATHS = (
					"$(SDKROOT)/Developer/Library/Frameworks",
					"$(inherited)",
				);
				GCC_PREPROCESSOR_DEFINITIONS = (
					"DEBUG=1",
					"$(inherited)",
				);
				INFOPLIST_FILE = TestTableviewTests/Info.plist;
				LD_RUNPATH_SEARCH_PATHS = "$(inherited) @executable_path/Frameworks @loader_path/Frameworks";
				PRODUCT_NAME = "$(TARGET_NAME)";
				TEST_HOST = "$(BUILT_PRODUCTS_DIR)/TestTableview.app/TestTableview";
			};
			name = Debug;
		};
		D90CB4E81C98F83C008D051F /* Release */ = {
			isa = XCBuildConfiguration;
			buildSettings = {
				BUNDLE_LOADER = "$(TEST_HOST)";
				FRAMEWORK_SEARCH_PATHS = (
					"$(SDKROOT)/Developer/Library/Frameworks",
					"$(inherited)",
				);
				INFOPLIST_FILE = TestTableviewTests/Info.plist;
				LD_RUNPATH_SEARCH_PATHS = "$(inherited) @executable_path/Frameworks @loader_path/Frameworks";
				PRODUCT_NAME = "$(TARGET_NAME)";
				TEST_HOST = "$(BUILT_PRODUCTS_DIR)/TestTableview.app/TestTableview";
			};
			name = Release;
		};
/* End XCBuildConfiguration section */

/* Begin XCConfigurationList section */
		D90CB4BB1C98F83B008D051F /* Build configuration list for PBXProject "TestTableview" */ = {
			isa = XCConfigurationList;
			buildConfigurations = (
				D90CB4E11C98F83C008D051F /* Debug */,
				D90CB4E21C98F83C008D051F /* Release */,
			);
			defaultConfigurationIsVisible = 0;
			defaultConfigurationName = Release;
		};
		D90CB4E31C98F83C008D051F /* Build configuration list for PBXNativeTarget "TestTableview" */ = {
			isa = XCConfigurationList;
			buildConfigurations = (
				D90CB4E41C98F83C008D051F /* Debug */,
				D90CB4E51C98F83C008D051F /* Release */,
			);
			defaultConfigurationIsVisible = 0;
		};
		D90CB4E61C98F83C008D051F /* Build configuration list for PBXNativeTarget "TestTableviewTests" */ = {
			isa = XCConfigurationList;
			buildConfigurations = (
				D90CB4E71C98F83C008D051F /* Debug */,
				D90CB4E81C98F83C008D051F /* Release */,
			);
			defaultConfigurationIsVisible = 0;
		};
/* End XCConfigurationList section */
	};
	rootObject = D90CB4B81C98F83B008D051F /* Project object */;
}
